
Microsoft Visual Studio Solution File, Format Version 12.00
# Visual Studio 15
VisualStudioVersion = 15.0.26124.0
MinimumVisualStudioVersion = 15.0.26124.0
Project("{2150E333-8FDC-42A3-9474-1A3956D46DE8}") = "src", "src", "{6FD910D5-EEBA-4C37-83CE-3DBB5DE0B858}"
EndProject
Project("{FAE04EC0-301F-11D3-BF4B-00C04F79EFBC}") = "Domain", "src\Domain\Domain.csproj", "{D2CCA8E1-4969-455D-81D4-0EFFBF880B79}"
EndProject
Project("{FAE04EC0-301F-11D3-BF4B-00C04F79EFBC}") = "Application", "src\Application\Application.csproj", "{96946756-09A9-41CC-86DF-F999AB5395FA}"
EndProject
Project("{FAE04EC0-301F-11D3-BF4B-00C04F79EFBC}") = "Infrastructure", "src\Infrastructure\Infrastructure.csproj", "{82211FDF-A4B5-4019-B02E-01FEBDF8225F}"
EndProject
Project("{FAE04EC0-301F-11D3-BF4B-00C04F79EFBC}") = "API", "src\API\API.csproj", "{074B19FA-3C6D-438C-8CC9-AFFD7605012D}"
EndProject
Project("{FAE04EC0-301F-11D3-BF4B-00C04F79EFBC}") = "Scheduler", "src\Scheduler\Scheduler.csproj", "{17439AE8-838D-4FE2-AB32-2EACA776E637}"
EndProject
Project("{2150E333-8FDC-42A3-9474-1A3956D46DE8}") = "tests", "tests", "{EF9A4792-DA7B-42EE-9BE6-856C0581242E}"
EndProject
Project("{FAE04EC0-301F-11D3-BF4B-00C04F79EFBC}") = "IntegrationTests", "tests\IntegrationTests\IntegrationTests.csproj", "{0DFC244D-94EE-4619-BA30-01B9D3341E17}"
EndProject
Global
	GlobalSection(SolutionConfigurationPlatforms) = preSolution
		Debug|Any CPU = Debug|Any CPU
		Debug|x64 = Debug|x64
		Debug|x86 = Debug|x86
		Release|Any CPU = Release|Any CPU
		Release|x64 = Release|x64
		Release|x86 = Release|x86
	EndGlobalSection
	GlobalSection(SolutionProperties) = preSolution
		HideSolutionNode = FALSE
	EndGlobalSection
	GlobalSection(ProjectConfigurationPlatforms) = postSolution
		{D2CCA8E1-4969-455D-81D4-0EFFBF880B79}.Debug|Any CPU.ActiveCfg = Debug|Any CPU
		{D2CCA8E1-4969-455D-81D4-0EFFBF880B79}.Debug|Any CPU.Build.0 = Debug|Any CPU
		{D2CCA8E1-4969-455D-81D4-0EFFBF880B79}.Debug|x64.ActiveCfg = Debug|Any CPU
		{D2CCA8E1-4969-455D-81D4-0EFFBF880B79}.Debug|x64.Build.0 = Debug|Any CPU
		{D2CCA8E1-4969-455D-81D4-0EFFBF880B79}.Debug|x86.ActiveCfg = Debug|Any CPU
		{D2CCA8E1-4969-455D-81D4-0EFFBF880B79}.Debug|x86.Build.0 = Debug|Any CPU
		{D2CCA8E1-4969-455D-81D4-0EFFBF880B79}.Release|Any CPU.ActiveCfg = Release|Any CPU
		{D2CCA8E1-4969-455D-81D4-0EFFBF880B79}.Release|Any CPU.Build.0 = Release|Any CPU
		{D2CCA8E1-4969-455D-81D4-0EFFBF880B79}.Release|x64.ActiveCfg = Release|Any CPU
		{D2CCA8E1-4969-455D-81D4-0EFFBF880B79}.Release|x64.Build.0 = Release|Any CPU
		{D2CCA8E1-4969-455D-81D4-0EFFBF880B79}.Release|x86.ActiveCfg = Release|Any CPU
		{D2CCA8E1-4969-455D-81D4-0EFFBF880B79}.Release|x86.Build.0 = Release|Any CPU
		{96946756-09A9-41CC-86DF-F999AB5395FA}.Debug|Any CPU.ActiveCfg = Debug|Any CPU
		{96946756-09A9-41CC-86DF-F999AB5395FA}.Debug|Any CPU.Build.0 = Debug|Any CPU
		{96946756-09A9-41CC-86DF-F999AB5395FA}.Debug|x64.ActiveCfg = Debug|Any CPU
		{96946756-09A9-41CC-86DF-F999AB5395FA}.Debug|x64.Build.0 = Debug|Any CPU
		{96946756-09A9-41CC-86DF-F999AB5395FA}.Debug|x86.ActiveCfg = Debug|Any CPU
		{96946756-09A9-41CC-86DF-F999AB5395FA}.Debug|x86.Build.0 = Debug|Any CPU
		{96946756-09A9-41CC-86DF-F999AB5395FA}.Release|Any CPU.ActiveCfg = Release|Any CPU
		{96946756-09A9-41CC-86DF-F999AB5395FA}.Release|Any CPU.Build.0 = Release|Any CPU
		{96946756-09A9-41CC-86DF-F999AB5395FA}.Release|x64.ActiveCfg = Release|Any CPU
		{96946756-09A9-41CC-86DF-F999AB5395FA}.Release|x64.Build.0 = Release|Any CPU
		{96946756-09A9-41CC-86DF-F999AB5395FA}.Release|x86.ActiveCfg = Release|Any CPU
		{96946756-09A9-41CC-86DF-F999AB5395FA}.Release|x86.Build.0 = Release|Any CPU
		{82211FDF-A4B5-4019-B02E-01FEBDF8225F}.Debug|Any CPU.ActiveCfg = Debug|Any CPU
		{82211FDF-A4B5-4019-B02E-01FEBDF8225F}.Debug|Any CPU.Build.0 = Debug|Any CPU
		{82211FDF-A4B5-4019-B02E-01FEBDF8225F}.Debug|x64.ActiveCfg = Debug|Any CPU
		{82211FDF-A4B5-4019-B02E-01FEBDF8225F}.Debug|x64.Build.0 = Debug|Any CPU
		{82211FDF-A4B5-4019-B02E-01FEBDF8225F}.Debug|x86.ActiveCfg = Debug|Any CPU
		{82211FDF-A4B5-4019-B02E-01FEBDF8225F}.Debug|x86.Build.0 = Debug|Any CPU
		{82211FDF-A4B5-4019-B02E-01FEBDF8225F}.Release|Any CPU.ActiveCfg = Release|Any CPU
		{82211FDF-A4B5-4019-B02E-01FEBDF8225F}.Release|Any CPU.Build.0 = Release|Any CPU
		{82211FDF-A4B5-4019-B02E-01FEBDF8225F}.Release|x64.ActiveCfg = Release|Any CPU
		{82211FDF-A4B5-4019-B02E-01FEBDF8225F}.Release|x64.Build.0 = Release|Any CPU
		{82211FDF-A4B5-4019-B02E-01FEBDF8225F}.Release|x86.ActiveCfg = Release|Any CPU
		{82211FDF-A4B5-4019-B02E-01FEBDF8225F}.Release|x86.Build.0 = Release|Any CPU
		{074B19FA-3C6D-438C-8CC9-AFFD7605012D}.Debug|Any CPU.ActiveCfg = Debug|Any CPU
		{074B19FA-3C6D-438C-8CC9-AFFD7605012D}.Debug|Any CPU.Build.0 = Debug|Any CPU
		{074B19FA-3C6D-438C-8CC9-AFFD7605012D}.Debug|x64.ActiveCfg = Debug|Any CPU
		{074B19FA-3C6D-438C-8CC9-AFFD7605012D}.Debug|x64.Build.0 = Debug|Any CPU
		{074B19FA-3C6D-438C-8CC9-AFFD7605012D}.Debug|x86.ActiveCfg = Debug|Any CPU
		{074B19FA-3C6D-438C-8CC9-AFFD7605012D}.Debug|x86.Build.0 = Debug|Any CPU
		{074B19FA-3C6D-438C-8CC9-AFFD7605012D}.Release|Any CPU.ActiveCfg = Release|Any CPU
		{074B19FA-3C6D-438C-8CC9-AFFD7605012D}.Release|Any CPU.Build.0 = Release|Any CPU
		{074B19FA-3C6D-438C-8CC9-AFFD7605012D}.Release|x64.ActiveCfg = Release|Any CPU
		{074B19FA-3C6D-438C-8CC9-AFFD7605012D}.Release|x64.Build.0 = Release|Any CPU
		{074B19FA-3C6D-438C-8CC9-AFFD7605012D}.Release|x86.ActiveCfg = Release|Any CPU
		{074B19FA-3C6D-438C-8CC9-AFFD7605012D}.Release|x86.Build.0 = Release|Any CPU
		{17439AE8-838D-4FE2-AB32-2EACA776E637}.Debug|Any CPU.ActiveCfg = Debug|Any CPU
		{17439AE8-838D-4FE2-AB32-2EACA776E637}.Debug|Any CPU.Build.0 = Debug|Any CPU
		{17439AE8-838D-4FE2-AB32-2EACA776E637}.Debug|x64.ActiveCfg = Debug|Any CPU
		{17439AE8-838D-4FE2-AB32-2EACA776E637}.Debug|x64.Build.0 = Debug|Any CPU
		{17439AE8-838D-4FE2-AB32-2EACA776E637}.Debug|x86.ActiveCfg = Debug|Any CPU
		{17439AE8-838D-4FE2-AB32-2EACA776E637}.Debug|x86.Build.0 = Debug|Any CPU
		{17439AE8-838D-4FE2-AB32-2EACA776E637}.Release|Any CPU.ActiveCfg = Release|Any CPU
		{17439AE8-838D-4FE2-AB32-2EACA776E637}.Release|Any CPU.Build.0 = Release|Any CPU
		{17439AE8-838D-4FE2-AB32-2EACA776E637}.Release|x64.ActiveCfg = Release|Any CPU
		{17439AE8-838D-4FE2-AB32-2EACA776E637}.Release|x64.Build.0 = Release|Any CPU
		{17439AE8-838D-4FE2-AB32-2EACA776E637}.Release|x86.ActiveCfg = Release|Any CPU
		{17439AE8-838D-4FE2-AB32-2EACA776E637}.Release|x86.Build.0 = Release|Any CPU
		{0DFC244D-94EE-4619-BA30-01B9D3341E17}.Debug|Any CPU.ActiveCfg = Debug|Any CPU
		{0DFC244D-94EE-4619-BA30-01B9D3341E17}.Debug|Any CPU.Build.0 = Debug|Any CPU
		{0DFC244D-94EE-4619-BA30-01B9D3341E17}.Debug|x64.ActiveCfg = Debug|Any CPU
		{0DFC244D-94EE-4619-BA30-01B9D3341E17}.Debug|x64.Build.0 = Debug|Any CPU
		{0DFC244D-94EE-4619-BA30-01B9D3341E17}.Debug|x86.ActiveCfg = Debug|Any CPU
		{0DFC244D-94EE-4619-BA30-01B9D3341E17}.Debug|x86.Build.0 = Debug|Any CPU
		{0DFC244D-94EE-4619-BA30-01B9D3341E17}.Release|Any CPU.ActiveCfg = Release|Any CPU
		{0DFC244D-94EE-4619-BA30-01B9D3341E17}.Release|Any CPU.Build.0 = Release|Any CPU
		{0DFC244D-94EE-4619-BA30-01B9D3341E17}.Release|x64.ActiveCfg = Release|Any CPU
		{0DFC244D-94EE-4619-BA30-01B9D3341E17}.Release|x64.Build.0 = Release|Any CPU
		{0DFC244D-94EE-4619-BA30-01B9D3341E17}.Release|x86.ActiveCfg = Release|Any CPU
		{0DFC244D-94EE-4619-BA30-01B9D3341E17}.Release|x86.Build.0 = Release|Any CPU
	EndGlobalSection
	GlobalSection(NestedProjects) = preSolution
		{D2CCA8E1-4969-455D-81D4-0EFFBF880B79} = {6FD910D5-EEBA-4C37-83CE-3DBB5DE0B858}
		{96946756-09A9-41CC-86DF-F999AB5395FA} = {6FD910D5-EEBA-4C37-83CE-3DBB5DE0B858}
		{82211FDF-A4B5-4019-B02E-01FEBDF8225F} = {6FD910D5-EEBA-4C37-83CE-3DBB5DE0B858}
		{074B19FA-3C6D-438C-8CC9-AFFD7605012D} = {6FD910D5-EEBA-4C37-83CE-3DBB5DE0B858}
		{17439AE8-838D-4FE2-AB32-2EACA776E637} = {6FD910D5-EEBA-4C37-83CE-3DBB5DE0B858}
		{0DFC244D-94EE-4619-BA30-01B9D3341E17} = {EF9A4792-DA7B-42EE-9BE6-856C0581242E}
	EndGlobalSection
EndGlobal
